
Microsoft Visual Studio Solution File, Format Version 12.00
# Visual Studio Version 17
VisualStudioVersion = 17.8.34511.84
MinimumVisualStudioVersion = 10.0.40219.1
Project("{FAE04EC0-301F-11D3-BF4B-00C04F79EFBC}") = "DiscriminatedUnionsWithOneOf.Benchmarks", "DiscriminatedUnionsWithOneOf.Benchmarks\DiscriminatedUnionsWithOneOf.Benchmarks.csproj", "{7538BBB9-7E4E-4B6E-ADE5-E2BD8710C9B5}"
EndProject
Project("{9A19103F-16F7-4668-BE54-9A1E7A4F7556}") = "DiscriminatedUnionsWithOneOf", "DiscriminatedUnionsWithOneOf\DiscriminatedUnionsWithOneOf.csproj", "{0C6247B8-A1DA-4BD4-8D63-C72CB6FA4ECF}"
EndProject
Global
	GlobalSection(SolutionConfigurationPlatforms) = preSolution
		Debug|Any CPU = Debug|Any CPU
		Release|Any CPU = Release|Any CPU
	EndGlobalSection
	GlobalSection(ProjectConfigurationPlatforms) = postSolution
		{7538BBB9-7E4E-4B6E-ADE5-E2BD8710C9B5}.Debug|Any CPU.ActiveCfg = Debug|Any CPU
		{7538BBB9-7E4E-4B6E-ADE5-E2BD8710C9B5}.Debug|Any CPU.Build.0 = Debug|Any CPU
		{7538BBB9-7E4E-4B6E-ADE5-E2BD8710C9B5}.Release|Any CPU.ActiveCfg = Release|Any CPU
		{7538BBB9-7E4E-4B6E-ADE5-E2BD8710C9B5}.Release|Any CPU.Build.0 = Release|Any CPU
		{0C6247B8-A1DA-4BD4-8D63-C72CB6FA4ECF}.Debug|Any CPU.ActiveCfg = Debug|Any CPU
		{0C6247B8-A1DA-4BD4-8D63-C72CB6FA4ECF}.Debug|Any CPU.Build.0 = Debug|Any CPU
		{0C6247B8-A1DA-4BD4-8D63-C72CB6FA4ECF}.Release|Any CPU.ActiveCfg = Release|Any CPU
		{0C6247B8-A1DA-4BD4-8D63-C72CB6FA4ECF}.Release|Any CPU.Build.0 = Release|Any CPU
	EndGlobalSection
	GlobalSection(SolutionProperties) = preSolution
		HideSolutionNode = FALSE
	EndGlobalSection
	GlobalSection(ExtensibilityGlobals) = postSolution
		SolutionGuid = {16654218-84B2-4084-BEA4-A2525FE01C44}
	EndGlobalSection
EndGlobal
