
Microsoft Visual Studio Solution File, Format Version 12.00
# Visual Studio Version 17
VisualStudioVersion = 17.8.34511.84
MinimumVisualStudioVersion = 10.0.40219.1
Project("{9A19103F-16F7-4668-BE54-9A1E7A4F7556}") = "dotnet-8-keyed-services", "dotnet-8-keyed-services.csproj", "{3CB21887-FCC0-4385-89A3-E26FE761D693}"
EndProject
Global
	GlobalSection(SolutionConfigurationPlatforms) = preSolution
		Debug|Any CPU = Debug|Any CPU
		Release|Any CPU = Release|Any CPU
	EndGlobalSection
	GlobalSection(ProjectConfigurationPlatforms) = postSolution
		{3CB21887-FCC0-4385-89A3-E26FE761D693}.Debug|Any CPU.ActiveCfg = Debug|Any CPU
		{3CB21887-FCC0-4385-89A3-E26FE761D693}.Debug|Any CPU.Build.0 = Debug|Any CPU
		{3CB21887-FCC0-4385-89A3-E26FE761D693}.Release|Any CPU.ActiveCfg = Release|Any CPU
		{3CB21887-FCC0-4385-89A3-E26FE761D693}.Release|Any CPU.Build.0 = Release|Any CPU
	EndGlobalSection
	GlobalSection(SolutionProperties) = preSolution
		HideSolutionNode = FALSE
	EndGlobalSection
	GlobalSection(ExtensibilityGlobals) = postSolution
		SolutionGuid = {310DC4AA-B00F-4BF0-8E44-7A303F25EB92}
	EndGlobalSection
EndGlobal
